
Microsoft Visual Studio Solution File, Format Version 12.00
# Visual Studio 14
VisualStudioVersion = 14.0.25420.1
MinimumVisualStudioVersion = 10.0.40219.1
Project("{FAE04EC0-301F-11D3-BF4B-00C04F79EFBC}") = "Building_Simulator_2", "Building_Simulator_2\Building_Simulator_2.csproj", "{435939A1-AD75-4FDB-9297-593C80D53201}"
EndProject
Global
	GlobalSection(SolutionConfigurationPlatforms) = preSolution
		Debug32|Any CPU = Debug32|Any CPU
		Debug64|Any CPU = Debug64|Any CPU
		Release|Any CPU = Release|Any CPU
	EndGlobalSection
	GlobalSection(ProjectConfigurationPlatforms) = postSolution
		{435939A1-AD75-4FDB-9297-593C80D53201}.Debug32|Any CPU.ActiveCfg = Debug32|Any CPU
		{435939A1-AD75-4FDB-9297-593C80D53201}.Debug32|Any CPU.Build.0 = Debug32|Any CPU
		{435939A1-AD75-4FDB-9297-593C80D53201}.Debug64|Any CPU.ActiveCfg = Debug64|Any CPU
		{435939A1-AD75-4FDB-9297-593C80D53201}.Debug64|Any CPU.Build.0 = Debug64|Any CPU
		{435939A1-AD75-4FDB-9297-593C80D53201}.Release|Any CPU.ActiveCfg = Release|Any CPU
		{435939A1-AD75-4FDB-9297-593C80D53201}.Release|Any CPU.Build.0 = Release|Any CPU
	EndGlobalSection
	GlobalSection(SolutionProperties) = preSolution
		HideSolutionNode = FALSE
	EndGlobalSection
EndGlobal
